github.com/faiface/glhf v0.0.0-20181018222622-82a6317ac380 h1:FvZ0mIGh6b3kOITxUnxS3tLZMh7yEoHo75v3/AgUqg0=
github.com/faiface/glhf v0.0.0-20181018222622-82a6317ac380/go.mod h1:zqnPFFIuYFFxl7uH2gYByJwIVKG7fRqlqQCbzAnHs9g=
github.com/faiface/mainthread v0.0.0-20171120011319-8b78f0a41ae3 h1:baVdMKlASEHrj19iqjARrPbaRisD7EuZEVJj6ZMLl1Q=
github.com/faiface/mainthread v0.0.0-20171120011319-8b78f0a41ae3/go.mod h1:VEPNJUlxl5KdWjDvz6Q1l+rJlxF2i6xqDeGuGAxa87M=
github.com/faiface/pixel v0.8.0 h1:phOHW6ixfMAKRamjnvhI6FFI2VRyPEq7+LmmkDGXB/4=
github.com/faiface/pixel v0.8.0/go.mod h1:CEUU/s9E82Kqp01Boj1O67KnBskqiLghANqvUJGgDAM=
github.com/go-gl/gl v0.0.0-20181026044259-55b76b7df9d2 h1:78Hza2KHn2PX1jdydQnffaU2A/xM0g3Nx1xmMdep9Gk=
github.com/go-gl/gl v0.0.0-20181026044259-55b76b7df9d2/go.mod h1:482civXOzJJCPzJ4ZOX/pwvXBWSnzD4OKMdH4ClKGbk=
github.com/go-gl/glfw v0.0.0-20181014061658-691ee1b84c51 h1:elGSwayRx7uAsfA5PnVKeTHh+AVsUTmas0CkHOw/DSk=
github.com/go-gl/glfw v0.0.0-20181014061658-691ee1b84c51/go.mod h1:vR7hzQXu2zJy9AVAgeJqvqgH9Q5CA+iKCZ2gyEVpxRU=
github.com/go-gl/mathgl v0.0.0-20180804195959-cdf14b6b8f8a h1:2n5w2v3knlspzjJWyQPC0j88Mwvq0SZV0Jdws34GJwc=
github.com/go-gl/mathgl v0.0.0-20180804195959-cdf14b6b8f8a/go.mod h1:dvrdneKbyWbK2skTda0nM4B9zSlS2GZSnjX7itr/skQ=
github.com/lafriks/go-tiled v0.0.0-20170126064058-a51c9a1b70d4 h1:Z9eELJR+LXslmeFWCJ7nyq17IJn/vjZT3Wy1+BgeEgE=
github.com/lafriks/go-tiled v0.0.0-20170126064058-a51c9a1b70d4/go.mod h1:o7EHtBS9xOPV1Zz1brlpHab4UQ61m9N21BKC/qMBALo=
github.com/pkg/errors v0.8.0 h1:WdK/asTD0HN+q6hsWO3/vpuAkAr+tw6aNJNDFFf0+qw=
github.com/pkg/errors v0.8.0/go.mod h1:bwawxfHBFNV+L2hUp1rHADufV3IMtnDRdf1r5NINEl0=
golang.org/x/image v0.0.0-20181109232246-249dc8530c0e h1:tKeLpam+QnQXh80ue3KM7AcmYlUyEn8j00wnh3XphNk=
golang.org/x/image v0.0.0-20181109232246-249dc8530c0e/go.mod h1:ux5Hcp/YLpHSI86hEcLt0YII63i6oz57MZXIpbrjZUs=
golang.org/x/text v0.0.0-20170915032832-14c0d48ead0c h1:qgOY6WgZOaTkIIMiVjBQcw93ERBE4m30iBm00nkL0i8=
golang.org/x/text v0.0.0-20170915032832-14c0d48ead0c/go.mod h1:NqM8EUOU14njkJ3fqMW+pc6Ldnwhi/IjpwHt7yyuwOQ=
rsc.io/quote v1.5.2 h1:w5fcysjrx7yqtD/aO+QwRjYZOKnaM9Uh2b40tElTs3Y=
rsc.io/quote v1.5.2/go.mod h1:LzX7hefJvL54yjefDEDHNONDjII0t9xZLPXsUe+TKr0=
rsc.io/sampler v1.3.0 h1:7uVkIFmeBqHfdjD+gZwtXXI+RODJ2Wc4O7MPEh/QiW4=
rsc.io/sampler v1.3.0/go.mod h1:T1hPZKmBbMNahiBKFy5HrXp6adAjACjK9JXDnKaTXpA=
